// !$*UTF8*$!
{
	archiveVersion = 1;
	classes = {
	};
	objectVersion = 46;
	objects = {

		1D9915019915085F66A7D4B2 = {isa = PBXBuildFile; fileRef = 8D0A44853497795D2D1B5E05; };
		F288D4ECDF193F6DCF91288E = {isa = PBXBuildFile; fileRef = 050FF7CF7CABBC2A5B5A9CFC; };
		50D5F9BEC51395431A3CA040 = {isa = PBXBuildFile; fileRef = 6702629B2CBE5195B9B88428; };
		DC86AD80471EAFB84DDB0163 = {isa = PBXBuildFile; fileRef = E560944A48DF6846E3D6383A; };
		D5947CE33AC6A2C1DAA1D50E = {isa = PBXBuildFile; fileRef = 3EC8195091B15D99E049A8CE; };
		ED595FAC16BCD463830258C7 = {isa = PBXBuildFile; fileRef = 96360020F57BDCD005A047C4; };
		8D9322199CF09B362EECB1AE = {isa = PBXBuildFile; fileRef = 55F0B65D8DA7302CE6618FD4; };
		841F3B65069062133B69AC40 = {isa = PBXBuildFile; fileRef = 90A2E4A79EB082631A19729F; };
		FA545BEC8EAAEAA57E017F47 = {isa = PBXBuildFile; fileRef = 58C73644F08C0EB4A747C542; };
		5A93F08687A29FA082B0D9AD = {isa = PBXBuildFile; fileRef = FF3D92BEE54BF1A3DD7B0D76; };
		F16C182A499B95D33DE9A1B9 = {isa = PBXBuildFile; fileRef = B0A290692AA979EAC4321E79; };
		39EAA080A2C4CD64973757CB = {isa = PBXBuildFile; fileRef = B50BB0F25E2440E915806855; };
		77C595DB2D5EE51856C6F849 = {isa = PBXBuildFile; fileRef = FD7F1601DE6497D38A60D756; };
		547EF07B5A891ECB83EE4B8A = {isa = PBXBuildFile; fileRef = 49B662B8534731474C6C9FD3; };
		5618CA053B0221932F546168 = {isa = PBXBuildFile; fileRef = BA9FB4ED25D33CEF7FB1FAD7; };
		1FFD34B40F4317C290D9A2D1 = {isa = PBXBuildFile; fileRef = 9591FA9A7A4D25ECD6065783; };
		4460A35DA791674C28743FCB = {isa = PBXBuildFile; fileRef = 8CFFBA0C1703AB237F64EAB9; };
		125E9D187D55B01A8BF9B799 = {isa = PBXBuildFile; fileRef = AD9AE6C82379841E308C0A2C; };
		046DB51F2DEC6CE806C9D480 = {isa = PBXBuildFile; fileRef = A02579374C11CEDCDE135C12; };
		FA43B6C4CFCDE32382A042FA = {isa = PBXBuildFile; fileRef = AD53B69C56236405EE314AE9; };
		3E3C5763948860151ABCA7BD = {isa = PBXBuildFile; fileRef = 760E4D1D0CDCBB11E9ADEBB4; };
		99C5EC74A2CFE9784713A140 = {isa = PBXBuildFile; fileRef = FB015D99BFB559B155740A06; };
		4C854CD7B1AB64B677064345 = {isa = PBXBuildFile; fileRef = FB39B8244568B867AA16E0E1; };
		786052FE6B792DAC11721C16 = {isa = PBXBuildFile; fileRef = E7EA1854E422BCF9680D1B8E; };
		039CAB38D5E17A2DD03017F5 = {isa = PBXBuildFile; fileRef = AB08A2B5E0322EE1C5888C78; };
		2FC10D3E84F1544C09F89EA9 = {isa = PBXBuildFile; fileRef = 580D2781C131680B0CE065B1; };
		EEB2132810AB25ED12A62FDF = {isa = PBXBuildFile; fileRef = A206A1E926B31D1935C362A1; };
		B8515FEEE30AC80A67D6D2F7 = {isa = PBXBuildFile; fileRef = D2A11B6D3B659651F280ECCB; };
		AD335274B34975078F91D7C5 = {isa = PBXBuildFile; fileRef = 0625FB6A75F65FCA40EFF2E6; };
		7ED492D6D8A14CC68D3A303B = {isa = PBXBuildFile; fileRef = F5DF2BECF47984C41EEEA16D; };
		3CD2A7FC77F1489E2D2D8DEC = {isa = PBXBuildFile; fileRef = 2DFE307B5C63AB94496CE421; };
		97E488091E2B64CA546CE3F6 = {isa = PBXBuildFile; fileRef = C4F041FC23A1FDBB2E66985B; };
		5A6E68F5E8F428103D2585E9 = {isa = PBXBuildFile; fileRef = 08390396B8D675039444FB82; };
		656EB56A3B15E8299913985E = {isa = PBXBuildFile; fileRef = C064624D0984074194472862; };
		A8AF750B6435ED0929D0A4FD = {isa = PBXBuildFile; fileRef = D8702852799D16FC6CC3A0E3; };
		233C074B4441E66302B68EB8 = {isa = PBXBuildFile; fileRef = 7F50C1644145F32B740B7F28; };
		59CEC1627FB95686EC193B57 = {isa = PBXBuildFile; fileRef = 62A572A1CC890C4548466AF2; };
		5A425423972B8EB5569F1BD1 = {isa = PBXBuildFile; fileRef = 8F4675BD91E6E03800FCF753; };
		0581211AFC1651C1B8DFB1AA = {isa = PBXBuildFile; fileRef = 525FBD5208C354D1978AAEFE; };
		7406A4FA569463DFD7E0D99E = {isa = PBXBuildFile; fileRef = EA648E02D3B4E0E1CF7E5F2D; };
		4D350ED6B82984F9C76038F3 = {isa = PBXBuildFile; fileRef = 8C12789EAB8AA1433C68B99E; };
		B0C1AF5005DD3A70C838673E = {isa = PBXBuildFile; fileRef = 2302EBA6E18D82262E58C465; };
		087A3CB911DE995E0874AA25 = {isa = PBXBuildFile; fileRef = 57E71AED0C1D7C90E8C0DED1; };
		26D9145C6CC6F2C0E254A631 = {isa = PBXBuildFile; fileRef = 8BA587A54BE745706248793C; };
		45C436649BC7529D4B099F02 = {isa = PBXBuildFile; fileRef = 83EF2D07C132F43150507553; };
		9876A56FAEDAF081F2C69486 = {isa = PBXBuildFile; fileRef = 531ECE08431D18810017CE98; };
		BF0FCCA08F0155220B393F65 = {isa = PBXBuildFile; fileRef = E12F8A0935E712C262B02545; };
		58EE831394842F3FA7EED345 = {isa = PBXBuildFile; fileRef = A0D81578E2AD87DDBB1041EB; };
		DAB31E6B89B0381C77E1A410 = {isa = PBXBuildFile; fileRef = BFD9F2CCFB4A7E2E0A771789; };
		9F7CC09873773D55FEC19557 = {isa = PBXBuildFile; fileRef = FD2412823487C70BCD917AC1; };
		C7ECAE5BC4E4117F18094D00 = {isa = PBXBuildFile; fileRef = 384252337C9D31C2989D98BB; };
		C47BB7DD39FEFA02A3603F0B = {isa = PBXBuildFile; fileRef = B003B371038CF243B3040006; };
		8C03D779BA013CB0137CA985 = {isa = PBXBuildFile; fileRef = 42197ED6F8462F134982395E; };
		0AF8421B61B97B4106A0B28B = {isa = PBXBuildFile; fileRef = 5AFD7D69C7A013939FEC7BA3; };
		74AC75A9561AD276A2E27989 = {isa = PBXBuildFile; fileRef = 02FA4C8BDE4422016680948E; };
		89E139A95398C7C04EC991FE = {isa = PBXBuildFile; fileRef = DB74B230E35A5A1567B047DB; };
		F53DD197D33D8D1B088675DB = {isa = PBXBuildFile; fileRef = 78FBEF26A982DEC1E2F61C55; };
		02FA4C8BDE4422016680948E = {isa = PBXFileReference; lastKnownFileType = sourcecode.cpp.objcpp; name = "include_juce_gui_basics.mm"; path = "../../JuceLibraryCode/include_juce_gui_basics.mm"; sourceTree = "SOURCE_ROOT"; };
		050FF7CF7CABBC2A5B5A9CFC = {isa = PBXFileReference; lastKnownFileType = wrapper.framework; name = Python.framework; path = /usr/local/opt/python3/Frameworks/Python.framework; sourceTree = "<absolute>"; };
		0625FB6A75F65FCA40EFF2E6 = {isa = PBXFileReference; lastKnownFileType = sourcecode.cpp.cpp; name = "hmnz_EditView.cpp"; path = "../../Source/hmnz_EditView.cpp"; sourceTree = "SOURCE_ROOT"; };
		08390396B8D675039444FB82 = {isa = PBXFileReference; lastKnownFileType = sourcecode.cpp.cpp; name = "hmnz_Clip.cpp"; path = "../../Source/hmnz_Clip.cpp"; sourceTree = "SOURCE_ROOT"; };
		0C9094102F819C1DDEE015F8 = {isa = PBXFileReference; lastKnownFileType = sourcecode.c.h; name = "hmnz_ArrangementViewHeaderResizer.h"; path = "../../Source/hmnz_ArrangementViewHeaderResizer.h"; sourceTree = "SOURCE_ROOT"; };
		0DA808E6EF6C58C5C2ACA84D = {isa = PBXFileReference; lastKnownFileType = sourcecode.c.h; name = "hmnz_ArrangementViewHeaderControls.h"; path = "../../Source/hmnz_ArrangementViewHeaderControls.h"; sourceTree = "SOURCE_ROOT"; };
		0FA222D3E84C912A161C935C = {isa = PBXFileReference; lastKnownFileType = file; name = "jcf_debug"; path = "../../Source/External/juce_toys/jcf_debug"; sourceTree = "SOURCE_ROOT"; };
		113BB3F244B850B76157F955 = {isa = PBXFileReference; lastKnownFileType = sourcecode.c.h; name = "hmnz_ValueTreeObjectUnitTest.h"; path = "../../Source/hmnz_ValueTreeObjectUnitTest.h"; sourceTree = "SOURCE_ROOT"; };
		15665F0BB406EBC696190730 = {isa = PBXFileReference; lastKnownFileType = sourcecode.c.h; name = "hmnz_ArrangementView.h"; path = "../../Source/hmnz_ArrangementView.h"; sourceTree = "SOURCE_ROOT"; };
		16B39511A8A792C9643C92A8 = {isa = PBXFileReference; lastKnownFileType = file; name = "juce_graphics"; path = "../../../harmonaize/external/JUCE/modules/juce_graphics"; sourceTree = "SOURCE_ROOT"; };
		18861274A888DEE2378E1D98 = {isa = PBXFileReference; lastKnownFileType = sourcecode.c.h; name = JuceHeader.h; path = ../../JuceLibraryCode/JuceHeader.h; sourceTree = "SOURCE_ROOT"; };
		1B0A6265A2479022D62709A0 = {isa = PBXFileReference; lastKnownFileType = sourcecode.c.h; name = "hmnz_TrackList.h"; path = "../../Source/hmnz_TrackList.h"; sourceTree = "SOURCE_ROOT"; };
		1B49D14D80F35EE611D6CDBC = {isa = PBXFileReference; lastKnownFileType = sourcecode.c.h; name = "hmnz_ClipList.h"; path = "../../Source/hmnz_ClipList.h"; sourceTree = "SOURCE_ROOT"; };
		2302EBA6E18D82262E58C465 = {isa = PBXFileReference; lastKnownFileType = sourcecode.cpp.cpp; name = "hmnz_Application.cpp"; path = "../../Source/hmnz_Application.cpp"; sourceTree = "SOURCE_ROOT"; };
		261542B6055C7771714D0895 = {isa = PBXFileReference; lastKnownFileType = sourcecode.c.h; name = "hmnz_VariantConverters.h"; path = "../../Source/hmnz_VariantConverters.h"; sourceTree = "SOURCE_ROOT"; };
		29DAACB7A8B811FE49695795 = {isa = PBXFileReference; lastKnownFileType = sourcecode.c.h; name = "hmnz_KeySignature.h"; path = "../../Source/hmnz_KeySignature.h"; sourceTree = "SOURCE_ROOT"; };
		2A4291942D2B01657DDCD9CD = {isa = PBXFileReference; lastKnownFileType = sourcecode.c.h; name = "hmnz_ArrangementViewTrackList.h"; path = "../../Source/hmnz_ArrangementViewTrackList.h"; sourceTree = "SOURCE_ROOT"; };
		2AF1DD3255E4C10A530DD869 = {isa = PBXFileReference; lastKnownFileType = sourcecode.c.h; name = "hmnz_Transport.h"; path = "../../Source/hmnz_Transport.h"; sourceTree = "SOURCE_ROOT"; };
		2B1B1F427C26EAA21D3F4CEC = {isa = PBXFileReference; lastKnownFileType = sourcecode.c.h; name = "hmnz_Identifiers.h"; path = "../../Source/hmnz_Identifiers.h"; sourceTree = "SOURCE_ROOT"; };
		2DFE307B5C63AB94496CE421 = {isa = PBXFileReference; lastKnownFileType = sourcecode.cpp.cpp; name = "hmnz_PreferencesView.cpp"; path = "../../Source/hmnz_PreferencesView.cpp"; sourceTree = "SOURCE_ROOT"; };
		2EFBC99B09E569171A40766C = {isa = PBXFileReference; lastKnownFileType = file; name = "juce_gui_basics"; path = "../../../harmonaize/external/JUCE/modules/juce_gui_basics"; sourceTree = "SOURCE_ROOT"; };
		3570B17A2837ECB9FEA69EA2 = {isa = PBXFileReference; lastKnownFileType = sourcecode.c.h; name = "hmnz_ArrangementViewModel.h"; path = "../../Source/hmnz_ArrangementViewModel.h"; sourceTree = "SOURCE_ROOT"; };
		35AE501C34CFD20C625A7FFA = {isa = PBXFileReference; lastKnownFileType = sourcecode.c.h; name = "hmnz_ValueTreeObjectArray.h"; path = "../../Source/hmnz_ValueTreeObjectArray.h"; sourceTree = "SOURCE_ROOT"; };
		384252337C9D31C2989D98BB = {isa = PBXFileReference; lastKnownFileType = sourcecode.cpp.objcpp; name = "include_juce_core.mm"; path = "../../JuceLibraryCode/include_juce_core.mm"; sourceTree = "SOURCE_ROOT"; };
		3EC8195091B15D99E049A8CE = {isa = PBXFileReference; lastKnownFileType = wrapper.framework; name = Carbon.framework; path = System/Library/Frameworks/Carbon.framework; sourceTree = SDKROOT; };
		40BC0E938573723A19DD36FA = {isa = PBXFileReference; lastKnownFileType = sourcecode.c.h; name = "hmnz_EditView.h"; path = "../../Source/hmnz_EditView.h"; sourceTree = "SOURCE_ROOT"; };
		42197ED6F8462F134982395E = {isa = PBXFileReference; lastKnownFileType = sourcecode.cpp.objcpp; name = "include_juce_events.mm"; path = "../../JuceLibraryCode/include_juce_events.mm"; sourceTree = "SOURCE_ROOT"; };
		437F302650991C6AAC24263B = {isa = PBXFileReference; lastKnownFileType = file; name = "jcf_advanced_leak_detector"; path = "../../Source/External/juce_toys/jcf_advanced_leak_detector"; sourceTree = "SOURCE_ROOT"; };
		48D645C14EC9B414F26B0A46 = {isa = PBXFileReference; lastKnownFileType = sourcecode.c.h; name = "hmnz_ValueTreeObject.h"; path = "../../Source/hmnz_ValueTreeObject.h"; sourceTree = "SOURCE_ROOT"; };
		49B662B8534731474C6C9FD3 = {isa = PBXFileReference; lastKnownFileType = file.icns; name = Icon.icns; path = Icon.icns; sourceTree = "SOURCE_ROOT"; };
		4A3CD452DD8D7FDE44CADD18 = {isa = PBXFileReference; lastKnownFileType = file; name = "juce_core"; path = "../../../harmonaize/external/JUCE/modules/juce_core"; sourceTree = "SOURCE_ROOT"; };
		5002B5E065F08B7CFD2E4303 = {isa = PBXFileReference; lastKnownFileType = sourcecode.c.h; name = "hmnz_ArrangementViewPlayHead.h"; path = "../../Source/hmnz_ArrangementViewPlayHead.h"; sourceTree = "SOURCE_ROOT"; };
		5071DB09A019B46C6B99476F = {isa = PBXFileReference; lastKnownFileType = sourcecode.c.h; name = "hmnz_ArrangementViewTrackLaneClip.h"; path = "../../Source/hmnz_ArrangementViewTrackLaneClip.h"; sourceTree = "SOURCE_ROOT"; };
		525FBD5208C354D1978AAEFE = {isa = PBXFileReference; lastKnownFileType = sourcecode.cpp.cpp; name = "hmnz_Transport.cpp"; path = "../../Source/hmnz_Transport.cpp"; sourceTree = "SOURCE_ROOT"; };
		531ECE08431D18810017CE98 = {isa = PBXFileReference; lastKnownFileType = sourcecode.cpp.objcpp; name = "include_juce_audio_basics.mm"; path = "../../JuceLibraryCode/include_juce_audio_basics.mm"; sourceTree = "SOURCE_ROOT"; };
		539116AE57F182185F1BA8C0 = {isa = PBXFileReference; lastKnownFileType = sourcecode.c.h; name = "hmnz_CommandIDs.h"; path = "../../Source/hmnz_CommandIDs.h"; sourceTree = "SOURCE_ROOT"; };
		5413A299117FCF043D8CF159 = {isa = PBXFileReference; lastKnownFileType = file; name = "juce_gui_extra"; path = "../../../harmonaize/external/JUCE/modules/juce_gui_extra"; sourceTree = "SOURCE_ROOT"; };
		54271A5AB3EFD48E88BF08BF = {isa = PBXFileReference; lastKnownFileType = sourcecode.c.h; name = "hmnz_ArrangementViewTimelineComponent.h"; path = "../../Source/hmnz_ArrangementViewTimelineComponent.h"; sourceTree = "SOURCE_ROOT"; };
		55F0B65D8DA7302CE6618FD4 = {isa = PBXFileReference; lastKnownFileType = wrapper.framework; name = CoreAudio.framework; path = System/Library/Frameworks/CoreAudio.framework; sourceTree = SDKROOT; };
		57E71AED0C1D7C90E8C0DED1 = {isa = PBXFileReference; lastKnownFileType = sourcecode.cpp.cpp; name = "hmnz_Main.cpp"; path = "../../Source/hmnz_Main.cpp"; sourceTree = "SOURCE_ROOT"; };
		580D2781C131680B0CE065B1 = {isa = PBXFileReference; lastKnownFileType = sourcecode.cpp.cpp; name = "hmnz_ArrangementViewTrackHeader.cpp"; path = "../../Source/hmnz_ArrangementViewTrackHeader.cpp"; sourceTree = "SOURCE_ROOT"; };
		586AE7E4CBD8B8AE807F5011 = {isa = PBXFileReference; lastKnownFileType = file; name = SFZero; path = ../../Source/External/SFZero; sourceTree = "SOURCE_ROOT"; };
		58C73644F08C0EB4A747C542 = {isa = PBXFileReference; lastKnownFileType = wrapper.framework; name = DiscRecording.framework; path = System/Library/Frameworks/DiscRecording.framework; sourceTree = SDKROOT; };
		5AFD7D69C7A013939FEC7BA3 = {isa = PBXFileReference; lastKnownFileType = sourcecode.cpp.objcpp; name = "include_juce_graphics.mm"; path = "../../JuceLibraryCode/include_juce_graphics.mm"; sourceTree = "SOURCE_ROOT"; };
		5D9D913F9CA604989292C25D = {isa = PBXFileReference; lastKnownFileType = sourcecode.c.h; name = "hmnz_ArrangementViewTrack.h"; path = "../../Source/hmnz_ArrangementViewTrack.h"; sourceTree = "SOURCE_ROOT"; };
		62A572A1CC890C4548466AF2 = {isa = PBXFileReference; lastKnownFileType = sourcecode.cpp.cpp; name = "hmnz_Track.cpp"; path = "../../Source/hmnz_Track.cpp"; sourceTree = "SOURCE_ROOT"; };
		63ECFE5DAA76D7B16CEA736E = {isa = PBXFileReference; lastKnownFileType = sourcecode.c.h; name = "hmnz_Tempo.h"; path = "../../Source/hmnz_Tempo.h"; sourceTree = "SOURCE_ROOT"; };
		6702629B2CBE5195B9B88428 = {isa = PBXFileReference; lastKnownFileType = wrapper.framework; name = Accelerate.framework; path = System/Library/Frameworks/Accelerate.framework; sourceTree = SDKROOT; };
		6C3D68BB9A1706173D5E7DCB = {isa = PBXFileReference; lastKnownFileType = sourcecode.c.h; name = "hmnz_ArrangementViewTrackLane.h"; path = "../../Source/hmnz_ArrangementViewTrackLane.h"; sourceTree = "SOURCE_ROOT"; };
		6CA0C9ADB5E63D00DD40AB6E = {isa = PBXFileReference; lastKnownFileType = sourcecode.c.h; name = "hmnz_ArrangementViewTimelineGrid.h"; path = "../../Source/hmnz_ArrangementViewTimelineGrid.h"; sourceTree = "SOURCE_ROOT"; };
		6CF86335E442D2B422EB8140 = {isa = PBXFileReference; lastKnownFileType = sourcecode.c.h; name = "hmnz_ValueTreeIterator.h"; path = "../../Source/hmnz_ValueTreeIterator.h"; sourceTree = "SOURCE_ROOT"; };
		713FEEE9AD423EDF6B6C30D5 = {isa = PBXFileReference; lastKnownFileType = sourcecode.c.h; name = "hmnz_HomogeneousValueTreeObjectArray.h"; path = "../../Source/hmnz_HomogeneousValueTreeObjectArray.h"; sourceTree = "SOURCE_ROOT"; };
		717C05CC6F911B905FADDA55 = {isa = PBXFileReference; lastKnownFileType = sourcecode.c.h; name = "hmnz_ClipArray.h"; path = "../../Source/hmnz_ClipArray.h"; sourceTree = "SOURCE_ROOT"; };
		760E4D1D0CDCBB11E9ADEBB4 = {isa = PBXFileReference; lastKnownFileType = sourcecode.cpp.cpp; name = "hmnz_ArrangementViewTrackList.cpp"; path = "../../Source/hmnz_ArrangementViewTrackList.cpp"; sourceTree = "SOURCE_ROOT"; };
		78FBEF26A982DEC1E2F61C55 = {isa = PBXFileReference; lastKnownFileType = sourcecode.cpp.cpp; name = "include_SFZero.cpp"; path = "../../JuceLibraryCode/include_SFZero.cpp"; sourceTree = "SOURCE_ROOT"; };
		7ADC04E7970E0627C61360C0 = {isa = PBXFileReference; lastKnownFileType = file; name = "juce_events"; path = "../../../harmonaize/external/JUCE/modules/juce_events"; sourceTree = "SOURCE_ROOT"; };
		7D6E10D8F88B203A7519916B = {isa = PBXFileReference; lastKnownFileType = sourcecode.c.h; name = "hmnz_PlaybackEngine.h"; path = "../../Source/hmnz_PlaybackEngine.h"; sourceTree = "SOURCE_ROOT"; };
		7F50C1644145F32B740B7F28 = {isa = PBXFileReference; lastKnownFileType = sourcecode.cpp.cpp; name = "hmnz_MasterTrack.cpp"; path = "../../Source/hmnz_MasterTrack.cpp"; sourceTree = "SOURCE_ROOT"; };
		83EF2D07C132F43150507553 = {isa = PBXFileReference; lastKnownFileType = sourcecode.cpp.objcpp; name = "include_jcf_debug.mm"; path = "../../JuceLibraryCode/include_jcf_debug.mm"; sourceTree = "SOURCE_ROOT"; };
		883B2F18B9A5AA215AC43CFC = {isa = PBXFileReference; lastKnownFileType = file; name = "juce_audio_processors"; path = "../../../harmonaize/external/JUCE/modules/juce_audio_processors"; sourceTree = "SOURCE_ROOT"; };
		884BC0999DC8A43549CD7A4E = {isa = PBXFileReference; lastKnownFileType = file; name = "juce_audio_utils"; path = "../../../harmonaize/external/JUCE/modules/juce_audio_utils"; sourceTree = "SOURCE_ROOT"; };
		8BA587A54BE745706248793C = {isa = PBXFileReference; lastKnownFileType = sourcecode.cpp.cpp; name = BinaryData.cpp; path = ../../JuceLibraryCode/BinaryData.cpp; sourceTree = "SOURCE_ROOT"; };
		8C126220B8456629268B727A = {isa = PBXFileReference; lastKnownFileType = file; name = "juce_data_structures"; path = "../../../harmonaize/external/JUCE/modules/juce_data_structures"; sourceTree = "SOURCE_ROOT"; };
		8C12789EAB8AA1433C68B99E = {isa = PBXFileReference; lastKnownFileType = sourcecode.cpp.cpp; name = "hmnz_Identifiers.cpp"; path = "../../Source/hmnz_Identifiers.cpp"; sourceTree = "SOURCE_ROOT"; };
		8CD0205A263281EBD38F0AAD = {isa = PBXFileReference; lastKnownFileType = sourcecode.c.h; name = BinaryData.h; path = ../../JuceLibraryCode/BinaryData.h; sourceTree = "SOURCE_ROOT"; };
		8CFFBA0C1703AB237F64EAB9 = {isa = PBXFileReference; lastKnownFileType = sourcecode.cpp.cpp; name = "hmnz_ArrangementViewHeaderResizer.cpp"; path = "../../Source/hmnz_ArrangementViewHeaderResizer.cpp"; sourceTree = "SOURCE_ROOT"; };
		8D0A44853497795D2D1B5E05 = {isa = PBXFileReference; explicitFileType = wrapper.application; includeInIndex = 0; path = harmonaize.app; sourceTree = "BUILT_PRODUCTS_DIR"; };
		8F4675BD91E6E03800FCF753 = {isa = PBXFileReference; lastKnownFileType = sourcecode.cpp.cpp; name = "hmnz_TrackArray.cpp"; path = "../../Source/hmnz_TrackArray.cpp"; sourceTree = "SOURCE_ROOT"; };
		8F58E6775380F477A77CE581 = {isa = PBXFileReference; lastKnownFileType = sourcecode.c.h; name = "hmnz_ArrangementViewTrackResizer.h"; path = "../../Source/hmnz_ArrangementViewTrackResizer.h"; sourceTree = "SOURCE_ROOT"; };
		90A2E4A79EB082631A19729F = {isa = PBXFileReference; lastKnownFileType = wrapper.framework; name = CoreMIDI.framework; path = System/Library/Frameworks/CoreMIDI.framework; sourceTree = SDKROOT; };
		9448C70A6167CE623D2376D8 = {isa = PBXFileReference; lastKnownFileType = sourcecode.c.h; name = "hmnz_Clip.h"; path = "../../Source/hmnz_Clip.h"; sourceTree = "SOURCE_ROOT"; };
		9591FA9A7A4D25ECD6065783 = {isa = PBXFileReference; lastKnownFileType = sourcecode.cpp.cpp; name = "hmnz_ArrangementViewHeaderControls.cpp"; path = "../../Source/hmnz_ArrangementViewHeaderControls.cpp"; sourceTree = "SOURCE_ROOT"; };
		96360020F57BDCD005A047C4 = {isa = PBXFileReference; lastKnownFileType = wrapper.framework; name = Cocoa.framework; path = System/Library/Frameworks/Cocoa.framework; sourceTree = SDKROOT; };
		9759EEC252C27D71DE2BD98C = {isa = PBXFileReference; lastKnownFileType = sourcecode.c.h; name = "hmnz_CacheValueWrappers.h"; path = "../../Source/hmnz_CacheValueWrappers.h"; sourceTree = "SOURCE_ROOT"; };
		9E770BC47207B878E3F6CC71 = {isa = PBXFileReference; lastKnownFileType = file; name = "juce_audio_devices"; path = "../../../harmonaize/external/JUCE/modules/juce_audio_devices"; sourceTree = "SOURCE_ROOT"; };
		9F23EEFB0EB3D12267D4C12C = {isa = PBXFileReference; lastKnownFileType = sourcecode.c.h; name = "hmnz_Edit.h"; path = "../../Source/hmnz_Edit.h"; sourceTree = "SOURCE_ROOT"; };
		A02579374C11CEDCDE135C12 = {isa = PBXFileReference; lastKnownFileType = sourcecode.cpp.cpp; name = "hmnz_ArrangementViewPlayHead.cpp"; path = "../../Source/hmnz_ArrangementViewPlayHead.cpp"; sourceTree = "SOURCE_ROOT"; };
		A06F7C32299A5AEA5BC00D5A = {isa = PBXFileReference; lastKnownFileType = sourcecode.c.h; name = "hmnz_NonHomogeneousValueTreeObjectArray.h"; path = "../../Source/hmnz_NonHomogeneousValueTreeObjectArray.h"; sourceTree = "SOURCE_ROOT"; };
		A0D81578E2AD87DDBB1041EB = {isa = PBXFileReference; lastKnownFileType = sourcecode.cpp.objcpp; name = "include_juce_audio_formats.mm"; path = "../../JuceLibraryCode/include_juce_audio_formats.mm"; sourceTree = "SOURCE_ROOT"; };
		A0DCA2E161B9C1A952F22081 = {isa = PBXFileReference; lastKnownFileType = sourcecode.c.h; name = "hmnz_ValueTreeObjectWithArrayUnitTest.h"; path = "../../Source/hmnz_ValueTreeObjectWithArrayUnitTest.h"; sourceTree = "SOURCE_ROOT"; };
		A206A1E926B31D1935C362A1 = {isa = PBXFileReference; lastKnownFileType = sourcecode.cpp.cpp; name = "hmnz_ArrangementViewTrackLane.cpp"; path = "../../Source/hmnz_ArrangementViewTrackLane.cpp"; sourceTree = "SOURCE_ROOT"; };
		A26F129AFCB8AEA0286A4BD8 = {isa = PBXFileReference; lastKnownFileType = sourcecode.c.h; name = "hmnz_TransportView.h"; path = "../../Source/hmnz_TransportView.h"; sourceTree = "SOURCE_ROOT"; };
		A37EBAB2D13932B00555F1A4 = {isa = PBXFileReference; lastKnownFileType = sourcecode.c.h; name = "hmnz_TrackArray.h"; path = "../../Source/hmnz_TrackArray.h"; sourceTree = "SOURCE_ROOT"; };
		AB08A2B5E0322EE1C5888C78 = {isa = PBXFileReference; lastKnownFileType = sourcecode.cpp.cpp; name = "hmnz_ArrangementViewTopBar.cpp"; path = "../../Source/hmnz_ArrangementViewTopBar.cpp"; sourceTree = "SOURCE_ROOT"; };
		AC56ACA56BE9A30C13A4DFA4 = {isa = PBXFileReference; lastKnownFileType = sourcecode.c.h; name = "hmnz_ArrayIterator.h"; path = "../../Source/hmnz_ArrayIterator.h"; sourceTree = "SOURCE_ROOT"; };
		AD53B69C56236405EE314AE9 = {isa = PBXFileReference; lastKnownFileType = sourcecode.cpp.cpp; name = "hmnz_ArrangementViewTrack.cpp"; path = "../../Source/hmnz_ArrangementViewTrack.cpp"; sourceTree = "SOURCE_ROOT"; };
		AD9AE6C82379841E308C0A2C = {isa = PBXFileReference; lastKnownFileType = sourcecode.cpp.cpp; name = "hmnz_ArrangementViewTrackResizer.cpp"; path = "../../Source/hmnz_ArrangementViewTrackResizer.cpp"; sourceTree = "SOURCE_ROOT"; };
		AE5EC804E6F4A6399249D716 = {isa = PBXFileReference; lastKnownFileType = sourcecode.c.h; name = "hmnz_MidiMessageSequenceModel.h"; path = "../../Source/hmnz_MidiMessageSequenceModel.h"; sourceTree = "SOURCE_ROOT"; };
		AEEEE136556E3F2846FF1FA8 = {isa = PBXFileReference; lastKnownFileType = sourcecode.c.h; name = "hmnz_ArrangementViewTrackHeader.h"; path = "../../Source/hmnz_ArrangementViewTrackHeader.h"; sourceTree = "SOURCE_ROOT"; };
		B003B371038CF243B3040006 = {isa = PBXFileReference; lastKnownFileType = sourcecode.cpp.objcpp; name = "include_juce_data_structures.mm"; path = "../../JuceLibraryCode/include_juce_data_structures.mm"; sourceTree = "SOURCE_ROOT"; };
		B06A9C85A1511356C9C75B9E = {isa = PBXFileReference; lastKnownFileType = sourcecode.c.h; name = "hmnz_MasterTrack.h"; path = "../../Source/hmnz_MasterTrack.h"; sourceTree = "SOURCE_ROOT"; };
		B0A290692AA979EAC4321E79 = {isa = PBXFileReference; lastKnownFileType = wrapper.framework; name = QuartzCore.framework; path = System/Library/Frameworks/QuartzCore.framework; sourceTree = SDKROOT; };
		B16200FC51E6EB6A7EEFD1C6 = {isa = PBXFileReference; lastKnownFileType = file; name = "juce_audio_formats"; path = "../../../harmonaize/external/JUCE/modules/juce_audio_formats"; sourceTree = "SOURCE_ROOT"; };
		B50BB0F25E2440E915806855 = {isa = PBXFileReference; lastKnownFileType = wrapper.framework; name = WebKit.framework; path = System/Library/Frameworks/WebKit.framework; sourceTree = SDKROOT; };
		B7D6E90874DF1DD80E3DEAD0 = {isa = PBXFileReference; lastKnownFileType = sourcecode.c.h; name = "hmnz_Track.h"; path = "../../Source/hmnz_Track.h"; sourceTree = "SOURCE_ROOT"; };
		BA9FB4ED25D33CEF7FB1FAD7 = {isa = PBXFileReference; lastKnownFileType = sourcecode.cpp.cpp; name = "hmnz_PlaybackEngine.cpp"; path = "../../Source/hmnz_PlaybackEngine.cpp"; sourceTree = "SOURCE_ROOT"; };
		BBC8B9E7C0964C712B3E8FBA = {isa = PBXFileReference; lastKnownFileType = sourcecode.c.h; name = "hmnz_Application.h"; path = "../../Source/hmnz_Application.h"; sourceTree = "SOURCE_ROOT"; };
		BD65F4D24DEB03D6B70B1EA9 = {isa = PBXFileReference; lastKnownFileType = sourcecode.c.h; name = "hmnz_Utility.h"; path = "../../Source/hmnz_Utility.h"; sourceTree = "SOURCE_ROOT"; };
		BFD9F2CCFB4A7E2E0A771789 = {isa = PBXFileReference; lastKnownFileType = sourcecode.cpp.objcpp; name = "include_juce_audio_processors.mm"; path = "../../JuceLibraryCode/include_juce_audio_processors.mm"; sourceTree = "SOURCE_ROOT"; };
		C064624D0984074194472862 = {isa = PBXFileReference; lastKnownFileType = sourcecode.cpp.cpp; name = "hmnz_ClipArray.cpp"; path = "../../Source/hmnz_ClipArray.cpp"; sourceTree = "SOURCE_ROOT"; };
		C0C6A0A45DF7ACEAFC0E8E6A = {isa = PBXFileReference; lastKnownFileType = sourcecode.c.h; name = "hmnz_MidiMessageModel.h"; path = "../../Source/hmnz_MidiMessageModel.h"; sourceTree = "SOURCE_ROOT"; };
		C409C08200C0343959C0F44C = {isa = PBXFileReference; lastKnownFileType = sourcecode.c.h; name = "hmnz_TimeSignature.h"; path = "../../Source/hmnz_TimeSignature.h"; sourceTree = "SOURCE_ROOT"; };
		C4F041FC23A1FDBB2E66985B = {isa = PBXFileReference; lastKnownFileType = sourcecode.cpp.cpp; name = "hmnz_TransportView.cpp"; path = "../../Source/hmnz_TransportView.cpp"; sourceTree = "SOURCE_ROOT"; };
		C560175D156B3ED90907AB46 = {isa = PBXFileReference; lastKnownFileType = image.png; name = appicon.png; path = ../../Design/appicon.png; sourceTree = "SOURCE_ROOT"; };
		C92E2473A851C8D89D30C923 = {isa = PBXFileReference; lastKnownFileType = sourcecode.c.h; name = "hmnz_ArrangementViewTopBar.h"; path = "../../Source/hmnz_ArrangementViewTopBar.h"; sourceTree = "SOURCE_ROOT"; };
		CBEB95FA83D087A8B57EA828 = {isa = PBXFileReference; lastKnownFileType = sourcecode.c.h; name = "hmnz_EditWindow.h"; path = "../../Source/hmnz_EditWindow.h"; sourceTree = "SOURCE_ROOT"; };
		D2A11B6D3B659651F280ECCB = {isa = PBXFileReference; lastKnownFileType = sourcecode.cpp.cpp; name = "hmnz_ArrangementViewTrackLaneClip.cpp"; path = "../../Source/hmnz_ArrangementViewTrackLaneClip.cpp"; sourceTree = "SOURCE_ROOT"; };
		D4CAF0BC7924CC2C271780D6 = {isa = PBXFileReference; lastKnownFileType = sourcecode.c.h; name = AppConfig.h; path = ../../JuceLibraryCode/AppConfig.h; sourceTree = "SOURCE_ROOT"; };
		D8702852799D16FC6CC3A0E3 = {isa = PBXFileReference; lastKnownFileType = sourcecode.cpp.cpp; name = "hmnz_Edit.cpp"; path = "../../Source/hmnz_Edit.cpp"; sourceTree = "SOURCE_ROOT"; };
		DB74B230E35A5A1567B047DB = {isa = PBXFileReference; lastKnownFileType = sourcecode.cpp.objcpp; name = "include_juce_gui_extra.mm"; path = "../../JuceLibraryCode/include_juce_gui_extra.mm"; sourceTree = "SOURCE_ROOT"; };
		DE242B914DA97B51F3F74038 = {isa = PBXFileReference; lastKnownFileType = sourcecode.c.h; name = "hmnz_PreferencesView.h"; path = "../../Source/hmnz_PreferencesView.h"; sourceTree = "SOURCE_ROOT"; };
		E12F8A0935E712C262B02545 = {isa = PBXFileReference; lastKnownFileType = sourcecode.cpp.objcpp; name = "include_juce_audio_devices.mm"; path = "../../JuceLibraryCode/include_juce_audio_devices.mm"; sourceTree = "SOURCE_ROOT"; };
		E1432AFA3855B46F8CB5A793 = {isa = PBXFileReference; lastKnownFileType = sourcecode.c.h; name = "hmnz_ValueTreeObjectArrayUnitTest.h"; path = "../../Source/hmnz_ValueTreeObjectArrayUnitTest.h"; sourceTree = "SOURCE_ROOT"; };
		E560944A48DF6846E3D6383A = {isa = PBXFileReference; lastKnownFileType = wrapper.framework; name = AudioToolbox.framework; path = System/Library/Frameworks/AudioToolbox.framework; sourceTree = SDKROOT; };
		E7EA1854E422BCF9680D1B8E = {isa = PBXFileReference; lastKnownFileType = sourcecode.cpp.cpp; name = "hmnz_ArrangementViewTimelineGrid.cpp"; path = "../../Source/hmnz_ArrangementViewTimelineGrid.cpp"; sourceTree = "SOURCE_ROOT"; };
		EA648E02D3B4E0E1CF7E5F2D = {isa = PBXFileReference; lastKnownFileType = sourcecode.cpp.cpp; name = "hmnz_UnitTests.cpp"; path = "../../Source/hmnz_UnitTests.cpp"; sourceTree = "SOURCE_ROOT"; };
		F5DF2BECF47984C41EEEA16D = {isa = PBXFileReference; lastKnownFileType = sourcecode.cpp.cpp; name = "hmnz_EditWindow.cpp"; path = "../../Source/hmnz_EditWindow.cpp"; sourceTree = "SOURCE_ROOT"; };
		F674213C270691896B366B60 = {isa = PBXFileReference; lastKnownFileType = text.plist.xml; name = "Info-App.plist"; path = "Info-App.plist"; sourceTree = "SOURCE_ROOT"; };
		FB015D99BFB559B155740A06 = {isa = PBXFileReference; lastKnownFileType = sourcecode.cpp.cpp; name = "hmnz_ArrangementView.cpp"; path = "../../Source/hmnz_ArrangementView.cpp"; sourceTree = "SOURCE_ROOT"; };
		FB39B8244568B867AA16E0E1 = {isa = PBXFileReference; lastKnownFileType = sourcecode.cpp.cpp; name = "hmnz_ArrangementViewTimelineComponent.cpp"; path = "../../Source/hmnz_ArrangementViewTimelineComponent.cpp"; sourceTree = "SOURCE_ROOT"; };
		FBFE89331D8E5096FACD84AD = {isa = PBXFileReference; lastKnownFileType = file; name = "juce_audio_basics"; path = "../../../harmonaize/external/JUCE/modules/juce_audio_basics"; sourceTree = "SOURCE_ROOT"; };
		FD2412823487C70BCD917AC1 = {isa = PBXFileReference; lastKnownFileType = sourcecode.cpp.objcpp; name = "include_juce_audio_utils.mm"; path = "../../JuceLibraryCode/include_juce_audio_utils.mm"; sourceTree = "SOURCE_ROOT"; };
		FD7F1601DE6497D38A60D756 = {isa = PBXFileReference; lastKnownFileType = file.nib; name = RecentFilesMenuTemplate.nib; path = RecentFilesMenuTemplate.nib; sourceTree = "SOURCE_ROOT"; };
		FF3D92BEE54BF1A3DD7B0D76 = {isa = PBXFileReference; lastKnownFileType = wrapper.framework; name = IOKit.framework; path = System/Library/Frameworks/IOKit.framework; sourceTree = SDKROOT; };
		3FABB99966E185F89C818CA6 = {isa = PBXGroup; children = (
					C560175D156B3ED90907AB46, ); name = Binary; sourceTree = "<group>"; };
		E9E9988EA9E6F7911788636C = {isa = PBXGroup; children = (
					BA9FB4ED25D33CEF7FB1FAD7,
					7D6E10D8F88B203A7519916B, ); name = Playback; sourceTree = "<group>"; };
		7B84D3D14D615AF4871C3521 = {isa = PBXGroup; children = (
					9591FA9A7A4D25ECD6065783,
					0DA808E6EF6C58C5C2ACA84D,
					8CFFBA0C1703AB237F64EAB9,
					0C9094102F819C1DDEE015F8,
					AD9AE6C82379841E308C0A2C,
					8F58E6775380F477A77CE581,
					A02579374C11CEDCDE135C12,
					5002B5E065F08B7CFD2E4303,
					AD53B69C56236405EE314AE9,
					5D9D913F9CA604989292C25D,
					760E4D1D0CDCBB11E9ADEBB4,
					2A4291942D2B01657DDCD9CD,
					FB015D99BFB559B155740A06,
					15665F0BB406EBC696190730,
					FB39B8244568B867AA16E0E1,
					54271A5AB3EFD48E88BF08BF,
					E7EA1854E422BCF9680D1B8E,
					6CA0C9ADB5E63D00DD40AB6E,
					AB08A2B5E0322EE1C5888C78,
					C92E2473A851C8D89D30C923,
					580D2781C131680B0CE065B1,
					AEEEE136556E3F2846FF1FA8,
					A206A1E926B31D1935C362A1,
					6C3D68BB9A1706173D5E7DCB,
					D2A11B6D3B659651F280ECCB,
					5071DB09A019B46C6B99476F,
					0625FB6A75F65FCA40EFF2E6,
					40BC0E938573723A19DD36FA,
					F5DF2BECF47984C41EEEA16D,
					CBEB95FA83D087A8B57EA828,
					2DFE307B5C63AB94496CE421,
					DE242B914DA97B51F3F74038,
					C4F041FC23A1FDBB2E66985B,
					A26F129AFCB8AEA0286A4BD8,
					539116AE57F182185F1BA8C0, ); name = GUI; sourceTree = "<group>"; };
		A26602A26CFEF6E226D392E6 = {isa = PBXGroup; children = (
					3570B17A2837ECB9FEA69EA2,
					08390396B8D675039444FB82,
					9448C70A6167CE623D2376D8,
					C064624D0984074194472862,
					717C05CC6F911B905FADDA55,
					1B49D14D80F35EE611D6CDBC,
					D8702852799D16FC6CC3A0E3,
					9F23EEFB0EB3D12267D4C12C,
					29DAACB7A8B811FE49695795,
					7F50C1644145F32B740B7F28,
					B06A9C85A1511356C9C75B9E,
					C0C6A0A45DF7ACEAFC0E8E6A,
					AE5EC804E6F4A6399249D716,
					62A572A1CC890C4548466AF2,
					B7D6E90874DF1DD80E3DEAD0,
					8F4675BD91E6E03800FCF753,
					A37EBAB2D13932B00555F1A4,
					1B0A6265A2479022D62709A0, ); name = Arrangement; sourceTree = "<group>"; };
		12E8BBE8911128216D0E905B = {isa = PBXGroup; children = (
					63ECFE5DAA76D7B16CEA736E,
					C409C08200C0343959C0F44C,
					525FBD5208C354D1978AAEFE,
					2AF1DD3255E4C10A530DD869, ); name = Time; sourceTree = "<group>"; };
		AC3BBC9987D7D17A87E38334 = {isa = PBXGroup; children = (
					AC56ACA56BE9A30C13A4DFA4,
					9759EEC252C27D71DE2BD98C,
					713FEEE9AD423EDF6B6C30D5,
					A06F7C32299A5AEA5BC00D5A,
					EA648E02D3B4E0E1CF7E5F2D,
					BD65F4D24DEB03D6B70B1EA9,
					6CF86335E442D2B422EB8140,
					48D645C14EC9B414F26B0A46,
					35AE501C34CFD20C625A7FFA,
					E1432AFA3855B46F8CB5A793,
					113BB3F244B850B76157F955,
					A0DCA2E161B9C1A952F22081,
					261542B6055C7771714D0895, ); name = Utility; sourceTree = "<group>"; };
		2047F3BFFB2BE3AF145A4C05 = {isa = PBXGroup; children = (
					A26602A26CFEF6E226D392E6,
					12E8BBE8911128216D0E905B,
					AC3BBC9987D7D17A87E38334,
					8C12789EAB8AA1433C68B99E,
					2B1B1F427C26EAA21D3F4CEC, ); name = Model; sourceTree = "<group>"; };
		C5713C19A35BB95E11306DEB = {isa = PBXGroup; children = (
					3FABB99966E185F89C818CA6,
					E9E9988EA9E6F7911788636C,
					7B84D3D14D615AF4871C3521,
					2047F3BFFB2BE3AF145A4C05,
					2302EBA6E18D82262E58C465,
					BBC8B9E7C0964C712B3E8FBA,
					57E71AED0C1D7C90E8C0DED1, ); name = HarmonAIze; sourceTree = "<group>"; };
		442A10A6207226193C6E141B = {isa = PBXGroup; children = (
					437F302650991C6AAC24263B,
					0FA222D3E84C912A161C935C,
					FBFE89331D8E5096FACD84AD,
					9E770BC47207B878E3F6CC71,
					B16200FC51E6EB6A7EEFD1C6,
					883B2F18B9A5AA215AC43CFC,
					884BC0999DC8A43549CD7A4E,
					4A3CD452DD8D7FDE44CADD18,
					8C126220B8456629268B727A,
					7ADC04E7970E0627C61360C0,
					16B39511A8A792C9643C92A8,
					2EFBC99B09E569171A40766C,
					5413A299117FCF043D8CF159,
					586AE7E4CBD8B8AE807F5011, ); name = "JUCE Modules"; sourceTree = "<group>"; };
		D6F81D046BF5D3DFC99D6FED = {isa = PBXGroup; children = (
					D4CAF0BC7924CC2C271780D6,
					8BA587A54BE745706248793C,
					8CD0205A263281EBD38F0AAD,
					83EF2D07C132F43150507553,
					531ECE08431D18810017CE98,
					E12F8A0935E712C262B02545,
					A0D81578E2AD87DDBB1041EB,
					BFD9F2CCFB4A7E2E0A771789,
					FD2412823487C70BCD917AC1,
					384252337C9D31C2989D98BB,
					B003B371038CF243B3040006,
					42197ED6F8462F134982395E,
					5AFD7D69C7A013939FEC7BA3,
					02FA4C8BDE4422016680948E,
					DB74B230E35A5A1567B047DB,
					78FBEF26A982DEC1E2F61C55,
					18861274A888DEE2378E1D98, ); name = "JUCE Library Code"; sourceTree = "<group>"; };
		650A4034DA8CFBCB2A6AC88A = {isa = PBXGroup; children = (
					F674213C270691896B366B60,
					FD7F1601DE6497D38A60D756,
					49B662B8534731474C6C9FD3, ); name = Resources; sourceTree = "<group>"; };
		EBD33AD89318835C768BDF22 = {isa = PBXGroup; children = (
					050FF7CF7CABBC2A5B5A9CFC,
					6702629B2CBE5195B9B88428,
					E560944A48DF6846E3D6383A,
					3EC8195091B15D99E049A8CE,
					96360020F57BDCD005A047C4,
					55F0B65D8DA7302CE6618FD4,
					90A2E4A79EB082631A19729F,
					58C73644F08C0EB4A747C542,
					FF3D92BEE54BF1A3DD7B0D76,
					B0A290692AA979EAC4321E79,
					B50BB0F25E2440E915806855, ); name = Frameworks; sourceTree = "<group>"; };
		E83C0C7D65B43E7730E25CE2 = {isa = PBXGroup; children = (
					8D0A44853497795D2D1B5E05, ); name = Products; sourceTree = "<group>"; };
		3A9A95C6EA831C4A84655D30 = {isa = PBXGroup; children = (
					C5713C19A35BB95E11306DEB,
					442A10A6207226193C6E141B,
					D6F81D046BF5D3DFC99D6FED,
					650A4034DA8CFBCB2A6AC88A,
					EBD33AD89318835C768BDF22,
					E83C0C7D65B43E7730E25CE2, ); name = Source; sourceTree = "<group>"; };
		46657038D4ABF0C816F5881D = {isa = XCBuildConfiguration; buildSettings = {
				CLANG_CXX_LANGUAGE_STANDARD = "c++11";
				CLANG_LINK_OBJC_RUNTIME = NO;
				COMBINE_HIDPI_IMAGES = YES;
				CONFIGURATION_BUILD_DIR = "$(PROJECT_DIR)/build/$(CONFIGURATION)";
				COPY_PHASE_STRIP = NO;
				GCC_DYNAMIC_NO_PIC = NO;
				GCC_OPTIMIZATION_LEVEL = 0;
				GCC_PREPROCESSOR_DEFINITIONS = (
					"_DEBUG=1",
					"DEBUG=1",
					"JUCER_XCODE_MAC_F6D2F4CF=1",
					"JUCE_APP_VERSION=1.0.0",
					"JUCE_APP_VERSION_HEX=0x10000",
					"JucePlugin_Build_VST=0",
					"JucePlugin_Build_VST3=0",
					"JucePlugin_Build_AU=0",
					"JucePlugin_Build_AUv3=0",
					"JucePlugin_Build_RTAS=0",
					"JucePlugin_Build_AAX=0",
					"JucePlugin_Build_Standalone=0", );
				GCC_VERSION = com.apple.compilers.llvm.clang.1_0;
				HEADER_SEARCH_PATHS = ("../../JuceLibraryCode", "../../Source/External/juce_toys", "../../../harmonaize/external/JUCE/modules", "../../Source/External", "/usr/local/opt/python3/Frameworks/Python.framework/Versions/3.6/Headers", "$(inherited)");
				INFOPLIST_FILE = Info-App.plist;
				INFOPLIST_PREPROCESS = NO;
				INSTALL_PATH = "$(HOME)/Applications";
				MACOSX_DEPLOYMENT_TARGET = 10.11;
				MACOSX_DEPLOYMENT_TARGET_ppc = 10.4;
				OTHER_LDFLAGS = "-L/usr/local/opt/python3/Frameworks/Python.framework/Versions/3.6/lib/python3.6/config-3.6m-darwin -lpython3.6m -ldl -framework CoreFoundation";
				PRODUCT_BUNDLE_IDENTIFIER = com.harmonaize.harmonaize;
				SDKROOT_ppc = macosx10.5;
				USE_HEADERMAP = NO; }; name = Debug; };
		D26320213B96576B9AC9DA29 = {isa = XCBuildConfiguration; buildSettings = {
				CLANG_CXX_LANGUAGE_STANDARD = "c++11";
				CLANG_LINK_OBJC_RUNTIME = NO;
				COMBINE_HIDPI_IMAGES = YES;
				CONFIGURATION_BUILD_DIR = "$(PROJECT_DIR)/build/$(CONFIGURATION)";
				DEAD_CODE_STRIPPING = YES;
				GCC_GENERATE_DEBUGGING_SYMBOLS = NO;
				GCC_OPTIMIZATION_LEVEL = 3;
				GCC_PREPROCESSOR_DEFINITIONS = (
					"_NDEBUG=1",
					"NDEBUG=1",
					"JUCER_XCODE_MAC_F6D2F4CF=1",
					"JUCE_APP_VERSION=1.0.0",
					"JUCE_APP_VERSION_HEX=0x10000",
					"JucePlugin_Build_VST=0",
					"JucePlugin_Build_VST3=0",
					"JucePlugin_Build_AU=0",
					"JucePlugin_Build_AUv3=0",
					"JucePlugin_Build_RTAS=0",
					"JucePlugin_Build_AAX=0",
					"JucePlugin_Build_Standalone=0", );
				GCC_SYMBOLS_PRIVATE_EXTERN = YES;
				GCC_VERSION = com.apple.compilers.llvm.clang.1_0;
				HEADER_SEARCH_PATHS = ("../../JuceLibraryCode", "../../Source/External/juce_toys", "../../../harmonaize/external/JUCE/modules", "../../Source/External", "/usr/local/opt/python3/Frameworks/Python.framework/Versions/3.6/Headers", "$(inherited)");
				INFOPLIST_FILE = Info-App.plist;
				INFOPLIST_PREPROCESS = NO;
				INSTALL_PATH = "$(HOME)/Applications";
				LLVM_LTO = YES;
				MACOSX_DEPLOYMENT_TARGET = 10.11;
				MACOSX_DEPLOYMENT_TARGET_ppc = 10.4;
				OTHER_LDFLAGS = "-L/usr/local/opt/python3/Frameworks/Python.framework/Versions/3.6/lib/python3.6/config-3.6m-darwin -lpython3.6m -ldl -framework CoreFoundation";
				PRODUCT_BUNDLE_IDENTIFIER = com.harmonaize.harmonaize;
				SDKROOT_ppc = macosx10.5;
				USE_HEADERMAP = NO; }; name = Release; };
		2DF9B3464E207CBDB1596245 = {isa = XCBuildConfiguration; buildSettings = {
				ALWAYS_SEARCH_USER_PATHS = NO;
				CLANG_WARN_BLOCK_CAPTURE_AUTORELEASING = YES;
				CLANG_WARN_BOOL_CONVERSION = YES;
				CLANG_WARN_COMMA = YES;
				CLANG_WARN_CONSTANT_CONVERSION = YES;
				CLANG_WARN_EMPTY_BODY = YES;
				CLANG_WARN_ENUM_CONVERSION = YES;
				CLANG_WARN_INFINITE_RECURSION = YES;
				CLANG_WARN_INT_CONVERSION = YES;
				CLANG_WARN_NON_LITERAL_NULL_CONVERSION = YES;
				CLANG_WARN_OBJC_LITERAL_CONVERSION = YES;
				CLANG_WARN_RANGE_LOOP_ANALYSIS = YES;
				CLANG_WARN_STRICT_PROTOTYPES = YES;
				CLANG_WARN_SUSPICIOUS_MOVE = YES;
				CLANG_WARN_UNREACHABLE_CODE = YES;
				CLANG_WARN__DUPLICATE_METHOD_MATCH = YES;
				DEBUG_INFORMATION_FORMAT = "dwarf";
				ENABLE_STRICT_OBJC_MSGSEND = YES;
				ENABLE_TESTABILITY = YES;
				GCC_C_LANGUAGE_STANDARD = c11;
				GCC_INLINES_ARE_PRIVATE_EXTERN = YES;
				GCC_MODEL_TUNING = G5;
				GCC_NO_COMMON_BLOCKS = YES;
				GCC_WARN_64_TO_32_BIT_CONVERSION = YES;
				GCC_WARN_ABOUT_RETURN_TYPE = YES;
				GCC_WARN_CHECK_SWITCH_STATEMENTS = YES;
				GCC_WARN_MISSING_PARENTHESES = YES;
				GCC_WARN_NON_VIRTUAL_DESTRUCTOR = YES;
				GCC_WARN_TYPECHECK_CALLS_TO_PRINTF = YES;
				GCC_WARN_UNDECLARED_SELECTOR = YES;
				GCC_WARN_UNINITIALIZED_AUTOS = YES;
				GCC_WARN_UNUSED_FUNCTION = YES;
				GCC_WARN_UNUSED_VARIABLE = YES;
				ONLY_ACTIVE_ARCH = YES;
				PRODUCT_NAME = "harmonaize";
				WARNING_CFLAGS = -Wreorder;
				ZERO_LINK = NO; }; name = Debug; };
		F8241B1981DCD15BCBFE0279 = {isa = XCBuildConfiguration; buildSettings = {
				ALWAYS_SEARCH_USER_PATHS = NO;
				CLANG_WARN_BLOCK_CAPTURE_AUTORELEASING = YES;
				CLANG_WARN_BOOL_CONVERSION = YES;
				CLANG_WARN_COMMA = YES;
				CLANG_WARN_CONSTANT_CONVERSION = YES;
				CLANG_WARN_EMPTY_BODY = YES;
				CLANG_WARN_ENUM_CONVERSION = YES;
				CLANG_WARN_INFINITE_RECURSION = YES;
				CLANG_WARN_INT_CONVERSION = YES;
				CLANG_WARN_NON_LITERAL_NULL_CONVERSION = YES;
				CLANG_WARN_OBJC_LITERAL_CONVERSION = YES;
				CLANG_WARN_RANGE_LOOP_ANALYSIS = YES;
				CLANG_WARN_STRICT_PROTOTYPES = YES;
				CLANG_WARN_SUSPICIOUS_MOVE = YES;
				CLANG_WARN_UNREACHABLE_CODE = YES;
				CLANG_WARN__DUPLICATE_METHOD_MATCH = YES;
				DEBUG_INFORMATION_FORMAT = "dwarf";
				ENABLE_STRICT_OBJC_MSGSEND = YES;
				GCC_C_LANGUAGE_STANDARD = c11;
				GCC_INLINES_ARE_PRIVATE_EXTERN = YES;
				GCC_MODEL_TUNING = G5;
				GCC_NO_COMMON_BLOCKS = YES;
				GCC_WARN_64_TO_32_BIT_CONVERSION = YES;
				GCC_WARN_ABOUT_RETURN_TYPE = YES;
				GCC_WARN_CHECK_SWITCH_STATEMENTS = YES;
				GCC_WARN_MISSING_PARENTHESES = YES;
				GCC_WARN_NON_VIRTUAL_DESTRUCTOR = YES;
				GCC_WARN_TYPECHECK_CALLS_TO_PRINTF = YES;
				GCC_WARN_UNDECLARED_SELECTOR = YES;
				GCC_WARN_UNINITIALIZED_AUTOS = YES;
				GCC_WARN_UNUSED_FUNCTION = YES;
				GCC_WARN_UNUSED_VARIABLE = YES;
				PRODUCT_NAME = "harmonaize";
				WARNING_CFLAGS = -Wreorder;
				ZERO_LINK = NO; }; name = Release; };
		CE5418526FB4EC179CB6E6AE = {isa = PBXTargetDependency; target = 25AE84CEE39AF2A3202FF6A1; };
		E1102E93871B1045907CF3F5 = {isa = XCConfigurationList; buildConfigurations = (
					2DF9B3464E207CBDB1596245,
					F8241B1981DCD15BCBFE0279, ); defaultConfigurationIsVisible = 0; defaultConfigurationName = Debug; };
		CF6BB11AA8902E471AD8B3D0 = {isa = XCConfigurationList; buildConfigurations = (
					46657038D4ABF0C816F5881D,
					D26320213B96576B9AC9DA29, ); defaultConfigurationIsVisible = 0; defaultConfigurationName = Debug; };
		6DE43A21281E16BE208DAD21 = {isa = PBXResourcesBuildPhase; buildActionMask = 2147483647; files = (
					77C595DB2D5EE51856C6F849,
					547EF07B5A891ECB83EE4B8A, ); runOnlyForDeploymentPostprocessing = 0; };
		81FDE27828439CAB92A26650 = {isa = PBXSourcesBuildPhase; buildActionMask = 2147483647; files = (
					5618CA053B0221932F546168,
					1FFD34B40F4317C290D9A2D1,
					4460A35DA791674C28743FCB,
					125E9D187D55B01A8BF9B799,
					046DB51F2DEC6CE806C9D480,
					FA43B6C4CFCDE32382A042FA,
					3E3C5763948860151ABCA7BD,
					99C5EC74A2CFE9784713A140,
					4C854CD7B1AB64B677064345,
					786052FE6B792DAC11721C16,
					039CAB38D5E17A2DD03017F5,
					2FC10D3E84F1544C09F89EA9,
					EEB2132810AB25ED12A62FDF,
					B8515FEEE30AC80A67D6D2F7,
					AD335274B34975078F91D7C5,
					7ED492D6D8A14CC68D3A303B,
					3CD2A7FC77F1489E2D2D8DEC,
					97E488091E2B64CA546CE3F6,
					5A6E68F5E8F428103D2585E9,
					656EB56A3B15E8299913985E,
					A8AF750B6435ED0929D0A4FD,
					233C074B4441E66302B68EB8,
					59CEC1627FB95686EC193B57,
					5A425423972B8EB5569F1BD1,
					0581211AFC1651C1B8DFB1AA,
					7406A4FA569463DFD7E0D99E,
					4D350ED6B82984F9C76038F3,
					B0C1AF5005DD3A70C838673E,
					087A3CB911DE995E0874AA25,
					26D9145C6CC6F2C0E254A631,
					45C436649BC7529D4B099F02,
					9876A56FAEDAF081F2C69486,
					BF0FCCA08F0155220B393F65,
					58EE831394842F3FA7EED345,
					DAB31E6B89B0381C77E1A410,
					9F7CC09873773D55FEC19557,
					C7ECAE5BC4E4117F18094D00,
					C47BB7DD39FEFA02A3603F0B,
					8C03D779BA013CB0137CA985,
					0AF8421B61B97B4106A0B28B,
					74AC75A9561AD276A2E27989,
					89E139A95398C7C04EC991FE,
					F53DD197D33D8D1B088675DB, ); runOnlyForDeploymentPostprocessing = 0; };
		551ED2426550EA798CEDF063 = {isa = PBXFrameworksBuildPhase; buildActionMask = 2147483647; files = (
					F288D4ECDF193F6DCF91288E,
					50D5F9BEC51395431A3CA040,
					DC86AD80471EAFB84DDB0163,
					D5947CE33AC6A2C1DAA1D50E,
					ED595FAC16BCD463830258C7,
					8D9322199CF09B362EECB1AE,
					841F3B65069062133B69AC40,
					FA545BEC8EAAEAA57E017F47,
					5A93F08687A29FA082B0D9AD,
					F16C182A499B95D33DE9A1B9,
					39EAA080A2C4CD64973757CB, ); runOnlyForDeploymentPostprocessing = 0; };
		25AE84CEE39AF2A3202FF6A1 = {isa = PBXNativeTarget; buildConfigurationList = CF6BB11AA8902E471AD8B3D0; buildPhases = (
					6DE43A21281E16BE208DAD21,
					81FDE27828439CAB92A26650,
					551ED2426550EA798CEDF063, ); buildRules = ( ); dependencies = (  ); name = "HarmonAIze - App"; productName = HarmonAIze; productReference = 8D0A44853497795D2D1B5E05; productType = "com.apple.product-type.application"; };
		B71BA676BA5C3941DEFFA488 = {isa = PBXProject; buildConfigurationList = E1102E93871B1045907CF3F5; attributes = { LastUpgradeCheck = 0830; ORGANIZATIONNAME = ""; TargetAttributes = { 25AE84CEE39AF2A3202FF6A1 = { SystemCapabilities = {com.apple.ApplicationGroups.iOS = { enabled = 0; }; com.apple.InAppPurchase = { enabled = 0; }; com.apple.InterAppAudio = { enabled = 0; }; com.apple.Push = { enabled = 0; }; com.apple.Sandbox = { enabled = 0; }; }; }; }; }; compatibilityVersion = "Xcode 3.2"; hasScannedForEncodings = 0; mainGroup = 3A9A95C6EA831C4A84655D30; projectDirPath = ""; projectRoot = ""; targets = (25AE84CEE39AF2A3202FF6A1); };
	};
	rootObject = B71BA676BA5C3941DEFFA488;
}
